
Microsoft Visual Studio Solution File, Format Version 12.00
# Visual Studio 15
VisualStudioVersion = 15.0.26430.16
MinimumVisualStudioVersion = 10.0.40219.1
Project("{FAE04EC0-301F-11D3-BF4B-00C04F79EFBC}") = "MvcToastrFlash.Tests", "MvcToastrFlash.Tests\MvcToastrFlash.Tests.csproj", "{C599976E-B496-4685-A089-C77E3B7ECDB2}"
EndProject
Project("{FAE04EC0-301F-11D3-BF4B-00C04F79EFBC}") = "Sample", "Sample\Sample.csproj", "{35930D05-333B-4D9A-8A97-6AF2B5F3CC29}"
EndProject
Project("{9A19103F-16F7-4668-BE54-9A1E7A4F7556}") = "MvcToastrFlash", "MvcToastrFlash\MvcToastrFlash.csproj", "{9B105751-9617-4B15-807B-68445368AC41}"
EndProject
Global
	GlobalSection(SolutionConfigurationPlatforms) = preSolution
		Debug|Any CPU = Debug|Any CPU
		Release|Any CPU = Release|Any CPU
	EndGlobalSection
	GlobalSection(ProjectConfigurationPlatforms) = postSolution
		{C599976E-B496-4685-A089-C77E3B7ECDB2}.Debug|Any CPU.ActiveCfg = Debug|Any CPU
		{C599976E-B496-4685-A089-C77E3B7ECDB2}.Debug|Any CPU.Build.0 = Debug|Any CPU
		{C599976E-B496-4685-A089-C77E3B7ECDB2}.Release|Any CPU.ActiveCfg = Release|Any CPU
		{C599976E-B496-4685-A089-C77E3B7ECDB2}.Release|Any CPU.Build.0 = Release|Any CPU
		{35930D05-333B-4D9A-8A97-6AF2B5F3CC29}.Debug|Any CPU.ActiveCfg = Debug|Any CPU
		{35930D05-333B-4D9A-8A97-6AF2B5F3CC29}.Debug|Any CPU.Build.0 = Debug|Any CPU
		{35930D05-333B-4D9A-8A97-6AF2B5F3CC29}.Release|Any CPU.ActiveCfg = Release|Any CPU
		{35930D05-333B-4D9A-8A97-6AF2B5F3CC29}.Release|Any CPU.Build.0 = Release|Any CPU
		{9B105751-9617-4B15-807B-68445368AC41}.Debug|Any CPU.ActiveCfg = Debug|Any CPU
		{9B105751-9617-4B15-807B-68445368AC41}.Debug|Any CPU.Build.0 = Debug|Any CPU
		{9B105751-9617-4B15-807B-68445368AC41}.Release|Any CPU.ActiveCfg = Release|Any CPU
		{9B105751-9617-4B15-807B-68445368AC41}.Release|Any CPU.Build.0 = Release|Any CPU
	EndGlobalSection
	GlobalSection(SolutionProperties) = preSolution
		HideSolutionNode = FALSE
	EndGlobalSection
EndGlobal
